# THIS IS AN AUTOGENERATED FILE. DO NOT EDIT THIS FILE DIRECTLY.
# yarn lockfile v1


sweetalert2@^10.15.7:
  version "10.15.7"
  resolved "https://registry.yarnpkg.com/sweetalert2/-/sweetalert2-10.15.7.tgz#ad4c8f08432952d3283adbaa9a309c534f5a863d"
  integrity sha512-imY0MR03NGefPcGzSYjWYz1GMIlniusEBXilswvKrHD/GMiTxA5jnsdjtK2IoRyXfEaqV7GWt6DM4YVjAZU8gw==
